
Microsoft Visual Studio Solution File, Format Version 12.00
# Visual Studio Version 16
VisualStudioVersion = 16.0.32228.343
MinimumVisualStudioVersion = 10.0.40219.1
Project("{FAE04EC0-301F-11D3-BF4B-00C04F79EFBC}") = "Primzahlberechnung", "Primzahlberechnung\Primzahlberechnung.csproj", "{EF8A656A-2237-4D27-A14F-46C729F9378B}"
EndProject
Global
	GlobalSection(SolutionConfigurationPlatforms) = preSolution
		Debug|Any CPU = Debug|Any CPU
		Release|Any CPU = Release|Any CPU
	EndGlobalSection
	GlobalSection(ProjectConfigurationPlatforms) = postSolution
		{EF8A656A-2237-4D27-A14F-46C729F9378B}.Debug|Any CPU.ActiveCfg = Debug|Any CPU
		{EF8A656A-2237-4D27-A14F-46C729F9378B}.Debug|Any CPU.Build.0 = Debug|Any CPU
		{EF8A656A-2237-4D27-A14F-46C729F9378B}.Release|Any CPU.ActiveCfg = Release|Any CPU
		{EF8A656A-2237-4D27-A14F-46C729F9378B}.Release|Any CPU.Build.0 = Release|Any CPU
	EndGlobalSection
	GlobalSection(SolutionProperties) = preSolution
		HideSolutionNode = FALSE
	EndGlobalSection
	GlobalSection(ExtensibilityGlobals) = postSolution
		SolutionGuid = {0CE0CCC6-378E-4CAA-9D7C-F4C133D3EE76}
	EndGlobalSection
EndGlobal
